
Microsoft Visual Studio Solution File, Format Version 12.00
# Visual Studio Version 16
VisualStudioVersion = 16.0.31112.23
MinimumVisualStudioVersion = 10.0.40219.1
Project("{FAE04EC0-301F-11D3-BF4B-00C04F79EFBC}") = "BookLibrary", "BookLibrary\BookLibrary.csproj", "{B573B4E5-5752-43C1-A7AA-FD615F75EF74}"
EndProject
Global
	GlobalSection(SolutionConfigurationPlatforms) = preSolution
		Debug|Any CPU = Debug|Any CPU
		Release|Any CPU = Release|Any CPU
	EndGlobalSection
	GlobalSection(ProjectConfigurationPlatforms) = postSolution
		{B573B4E5-5752-43C1-A7AA-FD615F75EF74}.Debug|Any CPU.ActiveCfg = Debug|Any CPU
		{B573B4E5-5752-43C1-A7AA-FD615F75EF74}.Debug|Any CPU.Build.0 = Debug|Any CPU
		{B573B4E5-5752-43C1-A7AA-FD615F75EF74}.Release|Any CPU.ActiveCfg = Release|Any CPU
		{B573B4E5-5752-43C1-A7AA-FD615F75EF74}.Release|Any CPU.Build.0 = Release|Any CPU
	EndGlobalSection
	GlobalSection(SolutionProperties) = preSolution
		HideSolutionNode = FALSE
	EndGlobalSection
	GlobalSection(ExtensibilityGlobals) = postSolution
		SolutionGuid = {A216678C-4EC3-457B-AB0D-E157F9DE87A2}
	EndGlobalSection
EndGlobal
